// !$*UTF8*$!
{
	archiveVersion = 1;
	classes = {
	};
	objectVersion = 56;
	objects = {

/* Begin PBXBuildFile section */
		A3AE8A352B8948F20060FB21 /* AppDelegate.swift in Sources */ = {isa = PBXBuildFile; fileRef = A3AE8A342B8948F20060FB21 /* AppDelegate.swift */; };
		A3AE8A372B8948F20060FB21 /* SceneDelegate.swift in Sources */ = {isa = PBXBuildFile; fileRef = A3AE8A362B8948F20060FB21 /* SceneDelegate.swift */; };
		A3AE8A392B8948F20060FB21 /* ViewController.swift in Sources */ = {isa = PBXBuildFile; fileRef = A3AE8A382B8948F20060FB21 /* ViewController.swift */; };
		A3AE8A3E2B8948F70060FB21 /* Assets.xcassets in Resources */ = {isa = PBXBuildFile; fileRef = A3AE8A3D2B8948F70060FB21 /* Assets.xcassets */; };
		A3AE8A412B8948F70060FB21 /* LaunchScreen.storyboard in Resources */ = {isa = PBXBuildFile; fileRef = A3AE8A3F2B8948F70060FB21 /* LaunchScreen.storyboard */; };
		A3AE8A4C2B8948F70060FB21 /* IMCTests.swift in Sources */ = {isa = PBXBuildFile; fileRef = A3AE8A4B2B8948F70060FB21 /* IMCTests.swift */; };
		A3AE8A562B8948F70060FB21 /* IMCUITests.swift in Sources */ = {isa = PBXBuildFile; fileRef = A3AE8A552B8948F70060FB21 /* IMCUITests.swift */; };
		A3AE8A582B8948F70060FB21 /* IMCUITestsLaunchTests.swift in Sources */ = {isa = PBXBuildFile; fileRef = A3AE8A572B8948F70060FB21 /* IMCUITestsLaunchTests.swift */; };
		A3AE8A802B8A300A0060FB21 /* Presenter.swift in Sources */ = {isa = PBXBuildFile; fileRef = A3AE8A7F2B8A300A0060FB21 /* Presenter.swift */; };
		A3AE8A822B8A30200060FB21 /* Interactor.swift in Sources */ = {isa = PBXBuildFile; fileRef = A3AE8A812B8A30200060FB21 /* Interactor.swift */; };
		A3AE8A842B8A302E0060FB21 /* Factory.swift in Sources */ = {isa = PBXBuildFile; fileRef = A3AE8A832B8A302E0060FB21 /* Factory.swift */; };
/* End PBXBuildFile section */

/* Begin PBXContainerItemProxy section */
		A3AE8A482B8948F70060FB21 /* PBXContainerItemProxy */ = {
			isa = PBXContainerItemProxy;
			containerPortal = A3AE8A292B8948F20060FB21 /* Project object */;
			proxyType = 1;
			remoteGlobalIDString = A3AE8A302B8948F20060FB21;
			remoteInfo = IMC;
		};
		A3AE8A522B8948F70060FB21 /* PBXContainerItemProxy */ = {
			isa = PBXContainerItemProxy;
			containerPortal = A3AE8A292B8948F20060FB21 /* Project object */;
			proxyType = 1;
			remoteGlobalIDString = A3AE8A302B8948F20060FB21;
			remoteInfo = IMC;
		};
/* End PBXContainerItemProxy section */

/* Begin PBXFileReference section */
		A3AE8A312B8948F20060FB21 /* IMC.app */ = {isa = PBXFileReference; explicitFileType = wrapper.application; includeInIndex = 0; path = IMC.app; sourceTree = BUILT_PRODUCTS_DIR; };
		A3AE8A342B8948F20060FB21 /* AppDelegate.swift */ = {isa = PBXFileReference; lastKnownFileType = sourcecode.swift; path = AppDelegate.swift; sourceTree = "<group>"; };
		A3AE8A362B8948F20060FB21 /* SceneDelegate.swift */ = {isa = PBXFileReference; lastKnownFileType = sourcecode.swift; path = SceneDelegate.swift; sourceTree = "<group>"; };
		A3AE8A382B8948F20060FB21 /* ViewController.swift */ = {isa = PBXFileReference; lastKnownFileType = sourcecode.swift; path = ViewController.swift; sourceTree = "<group>"; };
		A3AE8A3D2B8948F70060FB21 /* Assets.xcassets */ = {isa = PBXFileReference; lastKnownFileType = folder.assetcatalog; path = Assets.xcassets; sourceTree = "<group>"; };
		A3AE8A402B8948F70060FB21 /* Base */ = {isa = PBXFileReference; lastKnownFileType = file.storyboard; name = Base; path = Base.lproj/LaunchScreen.storyboard; sourceTree = "<group>"; };
		A3AE8A422B8948F70060FB21 /* Info.plist */ = {isa = PBXFileReference; lastKnownFileType = text.plist.xml; path = Info.plist; sourceTree = "<group>"; };
		A3AE8A472B8948F70060FB21 /* IMCTests.xctest */ = {isa = PBXFileReference; explicitFileType = wrapper.cfbundle; includeInIndex = 0; path = IMCTests.xctest; sourceTree = BUILT_PRODUCTS_DIR; };
		A3AE8A4B2B8948F70060FB21 /* IMCTests.swift */ = {isa = PBXFileReference; lastKnownFileType = sourcecode.swift; path = IMCTests.swift; sourceTree = "<group>"; };
		A3AE8A512B8948F70060FB21 /* IMCUITests.xctest */ = {isa = PBXFileReference; explicitFileType = wrapper.cfbundle; includeInIndex = 0; path = IMCUITests.xctest; sourceTree = BUILT_PRODUCTS_DIR; };
		A3AE8A552B8948F70060FB21 /* IMCUITests.swift */ = {isa = PBXFileReference; lastKnownFileType = sourcecode.swift; path = IMCUITests.swift; sourceTree = "<group>"; };
		A3AE8A572B8948F70060FB21 /* IMCUITestsLaunchTests.swift */ = {isa = PBXFileReference; lastKnownFileType = sourcecode.swift; path = IMCUITestsLaunchTests.swift; sourceTree = "<group>"; };
		A3AE8A7F2B8A300A0060FB21 /* Presenter.swift */ = {isa = PBXFileReference; lastKnownFileType = sourcecode.swift; path = Presenter.swift; sourceTree = "<group>"; };
		A3AE8A812B8A30200060FB21 /* Interactor.swift */ = {isa = PBXFileReference; lastKnownFileType = sourcecode.swift; path = Interactor.swift; sourceTree = "<group>"; };
		A3AE8A832B8A302E0060FB21 /* Factory.swift */ = {isa = PBXFileReference; lastKnownFileType = sourcecode.swift; path = Factory.swift; sourceTree = "<group>"; };
/* End PBXFileReference section */

/* Begin PBXFrameworksBuildPhase section */
		A3AE8A2E2B8948F20060FB21 /* Frameworks */ = {
			isa = PBXFrameworksBuildPhase;
			buildActionMask = 2147483647;
			files = (
			);
			runOnlyForDeploymentPostprocessing = 0;
		};
		A3AE8A442B8948F70060FB21 /* Frameworks */ = {
			isa = PBXFrameworksBuildPhase;
			buildActionMask = 2147483647;
			files = (
			);
			runOnlyForDeploymentPostprocessing = 0;
		};
		A3AE8A4E2B8948F70060FB21 /* Frameworks */ = {
			isa = PBXFrameworksBuildPhase;
			buildActionMask = 2147483647;
			files = (
			);
			runOnlyForDeploymentPostprocessing = 0;
		};
/* End PBXFrameworksBuildPhase section */

/* Begin PBXGroup section */
		A3AE8A282B8948F20060FB21 = {
			isa = PBXGroup;
			children = (
				A3AE8A332B8948F20060FB21 /* IMC */,
				A3AE8A4A2B8948F70060FB21 /* IMCTests */,
				A3AE8A542B8948F70060FB21 /* IMCUITests */,
				A3AE8A322B8948F20060FB21 /* Products */,
			);
			sourceTree = "<group>";
		};
		A3AE8A322B8948F20060FB21 /* Products */ = {
			isa = PBXGroup;
			children = (
				A3AE8A312B8948F20060FB21 /* IMC.app */,
				A3AE8A472B8948F70060FB21 /* IMCTests.xctest */,
				A3AE8A512B8948F70060FB21 /* IMCUITests.xctest */,
			);
			name = Products;
			sourceTree = "<group>";
		};
		A3AE8A332B8948F20060FB21 /* IMC */ = {
			isa = PBXGroup;
			children = (
				A3AE8A7E2B8A2FE30060FB21 /* Scene */,
				A3AE8A342B8948F20060FB21 /* AppDelegate.swift */,
				A3AE8A362B8948F20060FB21 /* SceneDelegate.swift */,
				A3AE8A3D2B8948F70060FB21 /* Assets.xcassets */,
				A3AE8A3F2B8948F70060FB21 /* LaunchScreen.storyboard */,
				A3AE8A422B8948F70060FB21 /* Info.plist */,
			);
			path = IMC;
			sourceTree = "<group>";
		};
		A3AE8A4A2B8948F70060FB21 /* IMCTests */ = {
			isa = PBXGroup;
			children = (
				A3AE8A4B2B8948F70060FB21 /* IMCTests.swift */,
			);
			path = IMCTests;
			sourceTree = "<group>";
		};
		A3AE8A542B8948F70060FB21 /* IMCUITests */ = {
			isa = PBXGroup;
			children = (
				A3AE8A552B8948F70060FB21 /* IMCUITests.swift */,
				A3AE8A572B8948F70060FB21 /* IMCUITestsLaunchTests.swift */,
			);
			path = IMCUITests;
			sourceTree = "<group>";
		};
		A3AE8A7E2B8A2FE30060FB21 /* Scene */ = {
			isa = PBXGroup;
			children = (
				A3AE8A382B8948F20060FB21 /* ViewController.swift */,
				A3AE8A7F2B8A300A0060FB21 /* Presenter.swift */,
				A3AE8A812B8A30200060FB21 /* Interactor.swift */,
				A3AE8A832B8A302E0060FB21 /* Factory.swift */,
			);
			path = Scene;
			sourceTree = "<group>";
		};
/* End PBXGroup section */

/* Begin PBXNativeTarget section */
		A3AE8A302B8948F20060FB21 /* IMC */ = {
			isa = PBXNativeTarget;
			buildConfigurationList = A3AE8A5B2B8948F70060FB21 /* Build configuration list for PBXNativeTarget "IMC" */;
			buildPhases = (
				A3AE8A2D2B8948F20060FB21 /* Sources */,
				A3AE8A2E2B8948F20060FB21 /* Frameworks */,
				A3AE8A2F2B8948F20060FB21 /* Resources */,
			);
			buildRules = (
			);
			dependencies = (
			);
			name = IMC;
			productName = IMC;
			productReference = A3AE8A312B8948F20060FB21 /* IMC.app */;
			productType = "com.apple.product-type.application";
		};
		A3AE8A462B8948F70060FB21 /* IMCTests */ = {
			isa = PBXNativeTarget;
			buildConfigurationList = A3AE8A5E2B8948F70060FB21 /* Build configuration list for PBXNativeTarget "IMCTests" */;
			buildPhases = (
				A3AE8A432B8948F70060FB21 /* Sources */,
				A3AE8A442B8948F70060FB21 /* Frameworks */,
				A3AE8A452B8948F70060FB21 /* Resources */,
			);
			buildRules = (
			);
			dependencies = (
				A3AE8A492B8948F70060FB21 /* PBXTargetDependency */,
			);
			name = IMCTests;
			productName = IMCTests;
			productReference = A3AE8A472B8948F70060FB21 /* IMCTests.xctest */;
			productType = "com.apple.product-type.bundle.unit-test";
		};
		A3AE8A502B8948F70060FB21 /* IMCUITests */ = {
			isa = PBXNativeTarget;
			buildConfigurationList = A3AE8A612B8948F70060FB21 /* Build configuration list for PBXNativeTarget "IMCUITests" */;
			buildPhases = (
				A3AE8A4D2B8948F70060FB21 /* Sources */,
				A3AE8A4E2B8948F70060FB21 /* Frameworks */,
				A3AE8A4F2B8948F70060FB21 /* Resources */,
			);
			buildRules = (
			);
			dependencies = (
				A3AE8A532B8948F70060FB21 /* PBXTargetDependency */,
			);
			name = IMCUITests;
			productName = IMCUITests;
			productReference = A3AE8A512B8948F70060FB21 /* IMCUITests.xctest */;
			productType = "com.apple.product-type.bundle.ui-testing";
		};
/* End PBXNativeTarget section */

/* Begin PBXProject section */
		A3AE8A292B8948F20060FB21 /* Project object */ = {
			isa = PBXProject;
			attributes = {
				BuildIndependentTargetsInParallel = 1;
				LastSwiftUpdateCheck = 1500;
				LastUpgradeCheck = 1500;
				TargetAttributes = {
					A3AE8A302B8948F20060FB21 = {
						CreatedOnToolsVersion = 15.0;
					};
					A3AE8A462B8948F70060FB21 = {
						CreatedOnToolsVersion = 15.0;
						TestTargetID = A3AE8A302B8948F20060FB21;
					};
					A3AE8A502B8948F70060FB21 = {
						CreatedOnToolsVersion = 15.0;
						TestTargetID = A3AE8A302B8948F20060FB21;
					};
				};
			};
			buildConfigurationList = A3AE8A2C2B8948F20060FB21 /* Build configuration list for PBXProject "IMC" */;
			compatibilityVersion = "Xcode 14.0";
			developmentRegion = en;
			hasScannedForEncodings = 0;
			knownRegions = (
				en,
				Base,
			);
			mainGroup = A3AE8A282B8948F20060FB21;
			productRefGroup = A3AE8A322B8948F20060FB21 /* Products */;
			projectDirPath = "";
			projectRoot = "";
			targets = (
				A3AE8A302B8948F20060FB21 /* IMC */,
				A3AE8A462B8948F70060FB21 /* IMCTests */,
				A3AE8A502B8948F70060FB21 /* IMCUITests */,
			);
		};
/* End PBXProject section */

/* Begin PBXResourcesBuildPhase section */
		A3AE8A2F2B8948F20060FB21 /* Resources */ = {
			isa = PBXResourcesBuildPhase;
			buildActionMask = 2147483647;
			files = (
				A3AE8A412B8948F70060FB21 /* LaunchScreen.storyboard in Resources */,
				A3AE8A3E2B8948F70060FB21 /* Assets.xcassets in Resources */,
			);
			runOnlyForDeploymentPostprocessing = 0;
		};
		A3AE8A452B8948F70060FB21 /* Resources */ = {
			isa = PBXResourcesBuildPhase;
			buildActionMask = 2147483647;
			files = (
			);
			runOnlyForDeploymentPostprocessing = 0;
		};
		A3AE8A4F2B8948F70060FB21 /* Resources */ = {
			isa = PBXResourcesBuildPhase;
			buildActionMask = 2147483647;
			files = (
			);
			runOnlyForDeploymentPostprocessing = 0;
		};
/* End PBXResourcesBuildPhase section */

/* Begin PBXSourcesBuildPhase section */
		A3AE8A2D2B8948F20060FB21 /* Sources */ = {
			isa = PBXSourcesBuildPhase;
			buildActionMask = 2147483647;
			files = (
				A3AE8A392B8948F20060FB21 /* ViewController.swift in Sources */,
				A3AE8A352B8948F20060FB21 /* AppDelegate.swift in Sources */,
				A3AE8A842B8A302E0060FB21 /* Factory.swift in Sources */,
				A3AE8A822B8A30200060FB21 /* Interactor.swift in Sources */,
				A3AE8A802B8A300A0060FB21 /* Presenter.swift in Sources */,
				A3AE8A372B8948F20060FB21 /* SceneDelegate.swift in Sources */,
			);
			runOnlyForDeploymentPostprocessing = 0;
		};
		A3AE8A432B8948F70060FB21 /* Sources */ = {
			isa = PBXSourcesBuildPhase;
			buildActionMask = 2147483647;
			files = (
				A3AE8A4C2B8948F70060FB21 /* IMCTests.swift in Sources */,
			);
			runOnlyForDeploymentPostprocessing = 0;
		};
		A3AE8A4D2B8948F70060FB21 /* Sources */ = {
			isa = PBXSourcesBuildPhase;
			buildActionMask = 2147483647;
			files = (
				A3AE8A582B8948F70060FB21 /* IMCUITestsLaunchTests.swift in Sources */,
				A3AE8A562B8948F70060FB21 /* IMCUITests.swift in Sources */,
			);
			runOnlyForDeploymentPostprocessing = 0;
		};
/* End PBXSourcesBuildPhase section */

/* Begin PBXTargetDependency section */
		A3AE8A492B8948F70060FB21 /* PBXTargetDependency */ = {
			isa = PBXTargetDependency;
			target = A3AE8A302B8948F20060FB21 /* IMC */;
			targetProxy = A3AE8A482B8948F70060FB21 /* PBXContainerItemProxy */;
		};
		A3AE8A532B8948F70060FB21 /* PBXTargetDependency */ = {
			isa = PBXTargetDependency;
			target = A3AE8A302B8948F20060FB21 /* IMC */;
			targetProxy = A3AE8A522B8948F70060FB21 /* PBXContainerItemProxy */;
		};
/* End PBXTargetDependency section */

/* Begin PBXVariantGroup section */
		A3AE8A3F2B8948F70060FB21 /* LaunchScreen.storyboard */ = {
			isa = PBXVariantGroup;
			children = (
				A3AE8A402B8948F70060FB21 /* Base */,
			);
			name = LaunchScreen.storyboard;
			sourceTree = "<group>";
		};
/* End PBXVariantGroup section */

/* Begin XCBuildConfiguration section */
		A3AE8A592B8948F70060FB21 /* Debug */ = {
			isa = XCBuildConfiguration;
			buildSettings = {
				ALWAYS_SEARCH_USER_PATHS = NO;
				ASSETCATALOG_COMPILER_GENERATE_SWIFT_ASSET_SYMBOL_EXTENSIONS = YES;
				CLANG_ANALYZER_NONNULL = YES;
				CLANG_ANALYZER_NUMBER_OBJECT_CONVERSION = YES_AGGRESSIVE;
				CLANG_CXX_LANGUAGE_STANDARD = "gnu++20";
				CLANG_ENABLE_MODULES = YES;
				CLANG_ENABLE_OBJC_ARC = YES;
				CLANG_ENABLE_OBJC_WEAK = YES;
				CLANG_WARN_BLOCK_CAPTURE_AUTORELEASING = YES;
				CLANG_WARN_BOOL_CONVERSION = YES;
				CLANG_WARN_COMMA = YES;
				CLANG_WARN_CONSTANT_CONVERSION = YES;
				CLANG_WARN_DEPRECATED_OBJC_IMPLEMENTATIONS = YES;
				CLANG_WARN_DIRECT_OBJC_ISA_USAGE = YES_ERROR;
				CLANG_WARN_DOCUMENTATION_COMMENTS = YES;
				CLANG_WARN_EMPTY_BODY = YES;
				CLANG_WARN_ENUM_CONVERSION = YES;
				CLANG_WARN_INFINITE_RECURSION = YES;
				CLANG_WARN_INT_CONVERSION = YES;
				CLANG_WARN_NON_LITERAL_NULL_CONVERSION = YES;
				CLANG_WARN_OBJC_IMPLICIT_RETAIN_SELF = YES;
				CLANG_WARN_OBJC_LITERAL_CONVERSION = YES;
				CLANG_WARN_OBJC_ROOT_CLASS = YES_ERROR;
				CLANG_WARN_QUOTED_INCLUDE_IN_FRAMEWORK_HEADER = YES;
				CLANG_WARN_RANGE_LOOP_ANALYSIS = YES;
				CLANG_WARN_STRICT_PROTOTYPES = YES;
				CLANG_WARN_SUSPICIOUS_MOVE = YES;
				CLANG_WARN_UNGUARDED_AVAILABILITY = YES_AGGRESSIVE;
				CLANG_WARN_UNREACHABLE_CODE = YES;
				CLANG_WARN__DUPLICATE_METHOD_MATCH = YES;
				COPY_PHASE_STRIP = NO;
				DEBUG_INFORMATION_FORMAT = dwarf;
				ENABLE_STRICT_OBJC_MSGSEND = YES;
				ENABLE_TESTABILITY = YES;
				ENABLE_USER_SCRIPT_SANDBOXING = YES;
				GCC_C_LANGUAGE_STANDARD = gnu17;
				GCC_DYNAMIC_NO_PIC = NO;
				GCC_NO_COMMON_BLOCKS = YES;
				GCC_OPTIMIZATION_LEVEL = 0;
				GCC_PREPROCESSOR_DEFINITIONS = (
					"DEBUG=1",
					"$(inherited)",
				);
				GCC_WARN_64_TO_32_BIT_CONVERSION = YES;
				GCC_WARN_ABOUT_RETURN_TYPE = YES_ERROR;
				GCC_WARN_UNDECLARED_SELECTOR = YES;
				GCC_WARN_UNINITIALIZED_AUTOS = YES_AGGRESSIVE;
				GCC_WARN_UNUSED_FUNCTION = YES;
				GCC_WARN_UNUSED_VARIABLE = YES;
				IPHONEOS_DEPLOYMENT_TARGET = 17.0;
				LOCALIZATION_PREFERS_STRING_CATALOGS = YES;
				MTL_ENABLE_DEBUG_INFO = INCLUDE_SOURCE;
				MTL_FAST_MATH = YES;
				ONLY_ACTIVE_ARCH = YES;
				SDKROOT = iphoneos;
				SWIFT_ACTIVE_COMPILATION_CONDITIONS = "DEBUG $(inherited)";
				SWIFT_OPTIMIZATION_LEVEL = "-Onone";
			};
			name = Debug;
		};
		A3AE8A5A2B8948F70060FB21 /* Release */ = {
			isa = XCBuildConfiguration;
			buildSettings = {
				ALWAYS_SEARCH_USER_PATHS = NO;
				ASSETCATALOG_COMPILER_GENERATE_SWIFT_ASSET_SYMBOL_EXTENSIONS = YES;
				CLANG_ANALYZER_NONNULL = YES;
				CLANG_ANALYZER_NUMBER_OBJECT_CONVERSION = YES_AGGRESSIVE;
				CLANG_CXX_LANGUAGE_STANDARD = "gnu++20";
				CLANG_ENABLE_MODULES = YES;
				CLANG_ENABLE_OBJC_ARC = YES;
				CLANG_ENABLE_OBJC_WEAK = YES;
				CLANG_WARN_BLOCK_CAPTURE_AUTORELEASING = YES;
				CLANG_WARN_BOOL_CONVERSION = YES;
				CLANG_WARN_COMMA = YES;
				CLANG_WARN_CONSTANT_CONVERSION = YES;
				CLANG_WARN_DEPRECATED_OBJC_IMPLEMENTATIONS = YES;
				CLANG_WARN_DIRECT_OBJC_ISA_USAGE = YES_ERROR;
				CLANG_WARN_DOCUMENTATION_COMMENTS = YES;
				CLANG_WARN_EMPTY_BODY = YES;
				CLANG_WARN_ENUM_CONVERSION = YES;
				CLANG_WARN_INFINITE_RECURSION = YES;
				CLANG_WARN_INT_CONVERSION = YES;
				CLANG_WARN_NON_LITERAL_NULL_CONVERSION = YES;
				CLANG_WARN_OBJC_IMPLICIT_RETAIN_SELF = YES;
				CLANG_WARN_OBJC_LITERAL_CONVERSION = YES;
				CLANG_WARN_OBJC_ROOT_CLASS = YES_ERROR;
				CLANG_WARN_QUOTED_INCLUDE_IN_FRAMEWORK_HEADER = YES;
				CLANG_WARN_RANGE_LOOP_ANALYSIS = YES;
				CLANG_WARN_STRICT_PROTOTYPES = YES;
				CLANG_WARN_SUSPICIOUS_MOVE = YES;
				CLANG_WARN_UNGUARDED_AVAILABILITY = YES_AGGRESSIVE;
				CLANG_WARN_UNREACHABLE_CODE = YES;
				CLANG_WARN__DUPLICATE_METHOD_MATCH = YES;
				COPY_PHASE_STRIP = NO;
				DEBUG_INFORMATION_FORMAT = "dwarf-with-dsym";
				ENABLE_NS_ASSERTIONS = NO;
				ENABLE_STRICT_OBJC_MSGSEND = YES;
				ENABLE_USER_SCRIPT_SANDBOXING = YES;
				GCC_C_LANGUAGE_STANDARD = gnu17;
				GCC_NO_COMMON_BLOCKS = YES;
				GCC_WARN_64_TO_32_BIT_CONVERSION = YES;
				GCC_WARN_ABOUT_RETURN_TYPE = YES_ERROR;
				GCC_WARN_UNDECLARED_SELECTOR = YES;
				GCC_WARN_UNINITIALIZED_AUTOS = YES_AGGRESSIVE;
				GCC_WARN_UNUSED_FUNCTION = YES;
				GCC_WARN_UNUSED_VARIABLE = YES;
				IPHONEOS_DEPLOYMENT_TARGET = 17.0;
				LOCALIZATION_PREFERS_STRING_CATALOGS = YES;
				MTL_ENABLE_DEBUG_INFO = NO;
				MTL_FAST_MATH = YES;
				SDKROOT = iphoneos;
				SWIFT_COMPILATION_MODE = wholemodule;
				VALIDATE_PRODUCT = YES;
			};
			name = Release;
		};
		A3AE8A5C2B8948F70060FB21 /* Debug */ = {
			isa = XCBuildConfiguration;
			buildSettings = {
				ASSETCATALOG_COMPILER_APPICON_NAME = AppIcon;
				ASSETCATALOG_COMPILER_GLOBAL_ACCENT_COLOR_NAME = AccentColor;
				CODE_SIGN_STYLE = Automatic;
				CURRENT_PROJECT_VERSION = 1;
				DEVELOPMENT_TEAM = A8HRA678XW;
				GENERATE_INFOPLIST_FILE = YES;
				INFOPLIST_FILE = IMC/Info.plist;
				INFOPLIST_KEY_UIApplicationSupportsIndirectInputEvents = YES;
				INFOPLIST_KEY_UILaunchStoryboardName = LaunchScreen;
				INFOPLIST_KEY_UIMainStoryboardFile = "";
				INFOPLIST_KEY_UISupportedInterfaceOrientations_iPad = "UIInterfaceOrientationPortrait UIInterfaceOrientationPortraitUpsideDown UIInterfaceOrientationLandscapeLeft UIInterfaceOrientationLandscapeRight";
				INFOPLIST_KEY_UISupportedInterfaceOrientations_iPhone = "UIInterfaceOrientationPortrait UIInterfaceOrientationLandscapeLeft UIInterfaceOrientationLandscapeRight";
				LD_RUNPATH_SEARCH_PATHS = (
					"$(inherited)",
					"@executable_path/Frameworks",
				);
				MARKETING_VERSION = 1.0;
				PRODUCT_BUNDLE_IDENTIFIER = com.douglascf12.IMC;
				PRODUCT_NAME = "$(TARGET_NAME)";
				SWIFT_EMIT_LOC_STRINGS = YES;
				SWIFT_VERSION = 5.0;
				TARGETED_DEVICE_FAMILY = "1,2";
			};
			name = Debug;
		};
		A3AE8A5D2B8948F70060FB21 /* Release */ = {
			isa = XCBuildConfiguration;
			buildSettings = {
				ASSETCATALOG_COMPILER_APPICON_NAME = AppIcon;
				ASSETCATALOG_COMPILER_GLOBAL_ACCENT_COLOR_NAME = AccentColor;
				CODE_SIGN_STYLE = Automatic;
				CURRENT_PROJECT_VERSION = 1;
				DEVELOPMENT_TEAM = A8HRA678XW;
				GENERATE_INFOPLIST_FILE = YES;
				INFOPLIST_FILE = IMC/Info.plist;
				INFOPLIST_KEY_UIApplicationSupportsIndirectInputEvents = YES;
				INFOPLIST_KEY_UILaunchStoryboardName = LaunchScreen;
				INFOPLIST_KEY_UIMainStoryboardFile = "";
				INFOPLIST_KEY_UISupportedInterfaceOrientations_iPad = "UIInterfaceOrientationPortrait UIInterfaceOrientationPortraitUpsideDown UIInterfaceOrientationLandscapeLeft UIInterfaceOrientationLandscapeRight";
				INFOPLIST_KEY_UISupportedInterfaceOrientations_iPhone = "UIInterfaceOrientationPortrait UIInterfaceOrientationLandscapeLeft UIInterfaceOrientationLandscapeRight";
				LD_RUNPATH_SEARCH_PATHS = (
					"$(inherited)",
					"@executable_path/Frameworks",
				);
				MARKETING_VERSION = 1.0;
				PRODUCT_BUNDLE_IDENTIFIER = com.douglascf12.IMC;
				PRODUCT_NAME = "$(TARGET_NAME)";
				SWIFT_EMIT_LOC_STRINGS = YES;
				SWIFT_VERSION = 5.0;
				TARGETED_DEVICE_FAMILY = "1,2";
			};
			name = Release;
		};
		A3AE8A5F2B8948F70060FB21 /* Debug */ = {
			isa = XCBuildConfiguration;
			buildSettings = {
				ALWAYS_EMBED_SWIFT_STANDARD_LIBRARIES = YES;
				BUNDLE_LOADER = "$(TEST_HOST)";
				CODE_SIGN_STYLE = Automatic;
				CURRENT_PROJECT_VERSION = 1;
				DEVELOPMENT_TEAM = A8HRA678XW;
				GENERATE_INFOPLIST_FILE = YES;
				IPHONEOS_DEPLOYMENT_TARGET = 17.0;
				MARKETING_VERSION = 1.0;
				PRODUCT_BUNDLE_IDENTIFIER = com.douglascf12.IMCTests;
				PRODUCT_NAME = "$(TARGET_NAME)";
				SWIFT_EMIT_LOC_STRINGS = NO;
				SWIFT_VERSION = 5.0;
				TARGETED_DEVICE_FAMILY = "1,2";
				TEST_HOST = "$(BUILT_PRODUCTS_DIR)/IMC.app/$(BUNDLE_EXECUTABLE_FOLDER_PATH)/IMC";
			};
			name = Debug;
		};
		A3AE8A602B8948F70060FB21 /* Release */ = {
			isa = XCBuildConfiguration;
			buildSettings = {
				ALWAYS_EMBED_SWIFT_STANDARD_LIBRARIES = YES;
				BUNDLE_LOADER = "$(TEST_HOST)";
				CODE_SIGN_STYLE = Automatic;
				CURRENT_PROJECT_VERSION = 1;
				DEVELOPMENT_TEAM = A8HRA678XW;
				GENERATE_INFOPLIST_FILE = YES;
				IPHONEOS_DEPLOYMENT_TARGET = 17.0;
				MARKETING_VERSION = 1.0;
				PRODUCT_BUNDLE_IDENTIFIER = com.douglascf12.IMCTests;
				PRODUCT_NAME = "$(TARGET_NAME)";
				SWIFT_EMIT_LOC_STRINGS = NO;
				SWIFT_VERSION = 5.0;
				TARGETED_DEVICE_FAMILY = "1,2";
				TEST_HOST = "$(BUILT_PRODUCTS_DIR)/IMC.app/$(BUNDLE_EXECUTABLE_FOLDER_PATH)/IMC";
			};
			name = Release;
		};
		A3AE8A622B8948F70060FB21 /* Debug */ = {
			isa = XCBuildConfiguration;
			buildSettings = {
				ALWAYS_EMBED_SWIFT_STANDARD_LIBRARIES = YES;
				CODE_SIGN_STYLE = Automatic;
				CURRENT_PROJECT_VERSION = 1;
				DEVELOPMENT_TEAM = A8HRA678XW;
				GENERATE_INFOPLIST_FILE = YES;
				MARKETING_VERSION = 1.0;
				PRODUCT_BUNDLE_IDENTIFIER = com.douglascf12.IMCUITests;
				PRODUCT_NAME = "$(TARGET_NAME)";
				SWIFT_EMIT_LOC_STRINGS = NO;
				SWIFT_VERSION = 5.0;
				TARGETED_DEVICE_FAMILY = "1,2";
				TEST_TARGET_NAME = IMC;
			};
			name = Debug;
		};
		A3AE8A632B8948F70060FB21 /* Release */ = {
			isa = XCBuildConfiguration;
			buildSettings = {
				ALWAYS_EMBED_SWIFT_STANDARD_LIBRARIES = YES;
				CODE_SIGN_STYLE = Automatic;
				CURRENT_PROJECT_VERSION = 1;
				DEVELOPMENT_TEAM = A8HRA678XW;
				GENERATE_INFOPLIST_FILE = YES;
				MARKETING_VERSION = 1.0;
				PRODUCT_BUNDLE_IDENTIFIER = com.douglascf12.IMCUITests;
				PRODUCT_NAME = "$(TARGET_NAME)";
				SWIFT_EMIT_LOC_STRINGS = NO;
				SWIFT_VERSION = 5.0;
				TARGETED_DEVICE_FAMILY = "1,2";
				TEST_TARGET_NAME = IMC;
			};
			name = Release;
		};
/* End XCBuildConfiguration section */

/* Begin XCConfigurationList section */
		A3AE8A2C2B8948F20060FB21 /* Build configuration list for PBXProject "IMC" */ = {
			isa = XCConfigurationList;
			buildConfigurations = (
				A3AE8A592B8948F70060FB21 /* Debug */,
				A3AE8A5A2B8948F70060FB21 /* Release */,
			);
			defaultConfigurationIsVisible = 0;
			defaultConfigurationName = Release;
		};
		A3AE8A5B2B8948F70060FB21 /* Build configuration list for PBXNativeTarget "IMC" */ = {
			isa = XCConfigurationList;
			buildConfigurations = (
				A3AE8A5C2B8948F70060FB21 /* Debug */,
				A3AE8A5D2B8948F70060FB21 /* Release */,
			);
			defaultConfigurationIsVisible = 0;
			defaultConfigurationName = Release;
		};
		A3AE8A5E2B8948F70060FB21 /* Build configuration list for PBXNativeTarget "IMCTests" */ = {
			isa = XCConfigurationList;
			buildConfigurations = (
				A3AE8A5F2B8948F70060FB21 /* Debug */,
				A3AE8A602B8948F70060FB21 /* Release */,
			);
			defaultConfigurationIsVisible = 0;
			defaultConfigurationName = Release;
		};
		A3AE8A612B8948F70060FB21 /* Build configuration list for PBXNativeTarget "IMCUITests" */ = {
			isa = XCConfigurationList;
			buildConfigurations = (
				A3AE8A622B8948F70060FB21 /* Debug */,
				A3AE8A632B8948F70060FB21 /* Release */,
			);
			defaultConfigurationIsVisible = 0;
			defaultConfigurationName = Release;
		};
/* End XCConfigurationList section */
	};
	rootObject = A3AE8A292B8948F20060FB21 /* Project object */;
}
